{
  "Comment.nvim": { "branch": "master", "commit": "7bb563ff2d811a63b207e9de63e3e9c0877cb6d5" },
  "better-escape.nvim": { "branch": "master", "commit": "d5ee0cef56a7e41a86048c14f25e964876ac20c1" },
  "bufdelete.nvim": { "branch": "master", "commit": "f79e9d186b42fba5f1b1362006e7c70240db97a4" },
  "cinnamon.nvim": { "branch": "master", "commit": "c406ffda3a0302f32c23b24ab756ea20467d6578" },
  "cmp-buffer": { "branch": "main", "commit": "3022dbc9166796b644a841a02de8dd1cc1d311fa" },
  "cmp-emoji": { "branch": "main", "commit": "19075c36d5820253d32e2478b6aaf3734aeaafa0" },
  "cmp-nvim-lsp": { "branch": "main", "commit": "59224771f91b86d1de12570b4070fe4ad7cd1eeb" },
  "cmp-path": { "branch": "main", "commit": "91ff86cd9c29299a64f968ebb45846c485725f23" },
  "cmp_luasnip": { "branch": "master", "commit": "18095520391186d634a0045dacaa346291096566" },
  "diffview.nvim": { "branch": "main", "commit": "18f83302f71889b39403919b8be00d7244d1fcfc" },
  "everforest": { "branch": "master", "commit": "34c9fbc6f9777c4b1e5a65e590f0fa614c1e747c" },
  "fidget.nvim": { "branch": "main", "commit": "44585a0c0085765195e6961c15529ba6c5a2a13b" },
  "git-conflict.nvim": { "branch": "main", "commit": "77faa75c09a6af88e7b54d8d456327e06611f7ea" },
  "gitsigns.nvim": { "branch": "main", "commit": "2ab3bdf0a40bab53033048c6be75bda86316b55d" },
  "incline.nvim": { "branch": "main", "commit": "610b3081123a0e0c7dca8dd1b71f5f99072439d6" },
  "indent-blankline.nvim": { "branch": "master", "commit": "c4c203c3e8a595bc333abaf168fcb10c13ed5fb7" },
  "lspsaga.nvim": { "branch": "main", "commit": "b7b4777369b441341b2dcd45c738ea4167c11c9e" },
  "lualine.nvim": { "branch": "master", "commit": "32a7382a75a52e8ad05f4cec7eeb8bbfbe80d461" },
  "mason-lspconfig.nvim": { "branch": "main", "commit": "aa25b4153d2f2636c3b3a8c8360349d2b29e7ae3" },
  "mason.nvim": { "branch": "main", "commit": "1592493e3406c271e9128b4d424731e25f1ff2a1" },
  "middleclass": { "branch": "master", "commit": "9fab4d5bca67262614960960ca35c4740eb2be2c" },
  "neo-tree.nvim": { "branch": "v2.x", "commit": "3b41f0d17139bb156f1acd907608f63e0e307caf" },
  "neural": { "branch": "master", "commit": "b26aa80ece36d3359a8addea8dd80fd454d3885e" },
  "nightfox.nvim": { "branch": "main", "commit": "21e7e733e28b79b876e6bd514e6046a8da63ddae" },
  "no-neck-pain.nvim": { "branch": "main", "commit": "25a41848edd5f8e5652e16f0ff9f948f2ff6d18e" },
  "noice.nvim": { "branch": "main", "commit": "6aa6585da8cf9ffa44575b320b4d64d50f3c13a2" },
  "nui.nvim": { "branch": "main", "commit": "4939282919885e1c83aff68ecb35b3cadf6015a9" },
  "null-ls.nvim": { "branch": "main", "commit": "647a1eeeefc43ce15d941972642210637c370471" },
  "nvim-autopairs": { "branch": "master", "commit": "03580d758231956d33c8dd91e2be195106a79fa4" },
  "nvim-cmp": { "branch": "main", "commit": "c49ad26e894e137e401b1d294948c46327877eaf" },
  "nvim-dap": { "branch": "master", "commit": "6f2ea9e33b48a51849ec93c6c38148a5372018e4" },
  "nvim-dap-ui": { "branch": "master", "commit": "54365d2eb4cb9cfab0371306c6a76c913c5a67e3" },
  "nvim-lspconfig": { "branch": "master", "commit": "7d0ce54a4cf6e844d87e49d1576c0fffb6d27a6e" },
  "nvim-navic": { "branch": "master", "commit": "7a2b823152fe4de65ee7925b0e32d26ed73bc57c" },
  "nvim-notify": { "branch": "master", "commit": "b005821516f1f37801a73067afd1cef2dbc4dfe8" },
  "nvim-scrollbar": { "branch": "main", "commit": "89ac2e4ad5add610fc2d65493139c89c066b56a4" },
  "nvim-spectre": { "branch": "master", "commit": "68ea562b485b6593e325e7916c3bd6e833d433e7" },
  "nvim-terminal": { "branch": "main", "commit": "e058de4b8029d7605b17275f30f83be8f8df5f62" },
  "nvim-treehopper": { "branch": "master", "commit": "ad03c877903835a2ca9635accab47bff8be21b18" },
  "nvim-treesitter": { "branch": "master", "commit": "ee3e9f4dc0e5ee9e2bfb1ee47638375840b8fe0f" },
  "nvim-treesitter-textobjects": { "branch": "master", "commit": "247e392a8beb28c5d43a1375f93f8f90f1cc11ad" },
  "nvim-web-devicons": { "branch": "master", "commit": "05e1072f63f6c194ac6e867b567e6b437d3d4622" },
  "octo.nvim": { "branch": "master", "commit": "cb9314d358dc9f1d50e553a3c8e237ce713cbc57" },
  "one-small-step-for-vimkind": { "branch": "main", "commit": "4ca4df5533da67e136fce4a906e33634889d6d76" },
  "onedark.nvim": { "branch": "master", "commit": "89dde4963ad198c9b6144dee3d5e8bcbb7559ddc" },
  "playground": { "branch": "master", "commit": "8a887bcf66017bd775a0fb19c9d8b7a4d6759c48" },
  "plenary.nvim": { "branch": "master", "commit": "4b7e52044bbb84242158d977a50c4cbcd85070c7" },
  "quarto-nvim": { "branch": "main", "commit": "142234dea2555c793053970f98b6357be89d1319" },
  "significant.nvim": { "branch": "main", "commit": "5450e9d5917dc6aa9afb0fcbe32355799b8303fb" },
  "telescope-fzf-native.nvim": { "branch": "main", "commit": "fab3e2212e206f4f8b3bbaa656e129443c9b802e" },
  "telescope.nvim": { "branch": "master", "commit": "b79cd6c88b3d96b0f49cb7d240807cd59b610cd8" },
  "tint.nvim": { "branch": "master", "commit": "f6a259861ba8c0d88afc2ef05140ddf345eb0296" },
  "trouble.nvim": { "branch": "main", "commit": "897542f90050c3230856bc6e45de58b94c700bbf" },
  "twilight.nvim": { "branch": "main", "commit": "1ffa6a4d89fb2fbb784c6674044bf54f1fca936f" },
  "vim-fugitive": { "branch": "master", "commit": "99cdb88bc64063dc4656ae53496f06fb2a394cd4" },
  "vim-jukit": { "branch": "master", "commit": "ff9d9768dce3d2a1457761ea5dffe6415f4e1d22" },
  "vim-just": { "branch": "master", "commit": "838c9096d4c5d64d1000a6442a358746324c2123" },
  "vim-kitty-navigator": { "branch": "master", "commit": "e48aae3c7e3136682b3f4c6cfd85867b392f7f1a" },
  "vim-sleuth": { "branch": "master", "commit": "8332f123a63c739c870c96907d987cc3ff719d24" },
  "vim-surround": { "branch": "master", "commit": "3d188ed2113431cf8dac77be61b842acb64433d9" },
  "vimwiki": { "branch": "dev", "commit": "fea8bee382b2051b0137fd2cacf0862823ee69b3" },
  "which-key.nvim": { "branch": "main", "commit": "8682d3003595017cd8ffb4c860a07576647cc6f8" },
  "windows.nvim": { "branch": "main", "commit": "a37b5d021afbe9baf741bb40818bd14604dde424" }
}